{
  "name": "ferasetu-worker",
  "version": "1.0.0",
  "lockfileVersion": 3,
  "requires": true,
  "packages": {
    "": {
      "name": "ferasetu-worker",
      "version": "1.0.0",
      "dependencies": {
        "jose": "^5.9.6"
      }
    },
    "node_modules/jose": {
      "version": "5.9.6",
      "resolved": "https://registry.npmjs.org/jose/-/jose-5.9.6.tgz",
      "integrity": "sha512-OGPrhG1k5L1a73Fz79d34208aG/n9c54NlhZ30yUvWfM1Q605Y5qXJ0L0o9qg==",
      "funding": {
        "url": "https://github.com/panva/jose?sponsor=1"
      }
    }
  }
}
